
Microsoft Visual Studio Solution File, Format Version 12.00
# Visual Studio Version 17
VisualStudioVersion = 17.3.32901.215
MinimumVisualStudioVersion = 10.0.40219.1
Project("{FAE04EC0-301F-11D3-BF4B-00C04F79EFBC}") = "RecipeFinder", "RecipeFinder\RecipeFinder.csproj", "{4AD6CE14-E260-43AD-80AE-CF229B9C4493}"
EndProject
Global
	GlobalSection(SolutionConfigurationPlatforms) = preSolution
		Debug|Any CPU = Debug|Any CPU
		Release|Any CPU = Release|Any CPU
	EndGlobalSection
	GlobalSection(ProjectConfigurationPlatforms) = postSolution
		{4AD6CE14-E260-43AD-80AE-CF229B9C4493}.Debug|Any CPU.ActiveCfg = Debug|Any CPU
		{4AD6CE14-E260-43AD-80AE-CF229B9C4493}.Debug|Any CPU.Build.0 = Debug|Any CPU
		{4AD6CE14-E260-43AD-80AE-CF229B9C4493}.Release|Any CPU.ActiveCfg = Release|Any CPU
		{4AD6CE14-E260-43AD-80AE-CF229B9C4493}.Release|Any CPU.Build.0 = Release|Any CPU
	EndGlobalSection
	GlobalSection(SolutionProperties) = preSolution
		HideSolutionNode = FALSE
	EndGlobalSection
	GlobalSection(ExtensibilityGlobals) = postSolution
		SolutionGuid = {8A9FEF2E-703E-4FDF-9B1D-0ACE14AFC927}
	EndGlobalSection
EndGlobal
